
Microsoft Visual Studio Solution File, Format Version 12.00
# Visual Studio 15
VisualStudioVersion = 15.0.27428.2002
MinimumVisualStudioVersion = 10.0.40219.1
Project("{FAE04EC0-301F-11D3-BF4B-00C04F79EFBC}") = "TP2_laba_8", "TP2_laba_8\TP2_laba_8.csproj", "{559ED32A-22B2-439E-AA78-F4DA83C4D876}"
EndProject
Project("{FAE04EC0-301F-11D3-BF4B-00C04F79EFBC}") = "Calcu", "Calcu\Calcu.csproj", "{ADE799DE-D3B2-4A37-A599-8305B1644DD1}"
EndProject
Project("{FAE04EC0-301F-11D3-BF4B-00C04F79EFBC}") = "CalcuTests1", "CalcuTests1\CalcuTests1.csproj", "{DAE41A16-0282-419E-9975-12F8354E4EA3}"
EndProject
Global
	GlobalSection(SolutionConfigurationPlatforms) = preSolution
		Debug|Any CPU = Debug|Any CPU
		Release|Any CPU = Release|Any CPU
	EndGlobalSection
	GlobalSection(ProjectConfigurationPlatforms) = postSolution
		{559ED32A-22B2-439E-AA78-F4DA83C4D876}.Debug|Any CPU.ActiveCfg = Debug|Any CPU
		{559ED32A-22B2-439E-AA78-F4DA83C4D876}.Debug|Any CPU.Build.0 = Debug|Any CPU
		{559ED32A-22B2-439E-AA78-F4DA83C4D876}.Release|Any CPU.ActiveCfg = Release|Any CPU
		{559ED32A-22B2-439E-AA78-F4DA83C4D876}.Release|Any CPU.Build.0 = Release|Any CPU
		{ADE799DE-D3B2-4A37-A599-8305B1644DD1}.Debug|Any CPU.ActiveCfg = Debug|Any CPU
		{ADE799DE-D3B2-4A37-A599-8305B1644DD1}.Debug|Any CPU.Build.0 = Debug|Any CPU
		{ADE799DE-D3B2-4A37-A599-8305B1644DD1}.Release|Any CPU.ActiveCfg = Release|Any CPU
		{ADE799DE-D3B2-4A37-A599-8305B1644DD1}.Release|Any CPU.Build.0 = Release|Any CPU
		{DAE41A16-0282-419E-9975-12F8354E4EA3}.Debug|Any CPU.ActiveCfg = Debug|Any CPU
		{DAE41A16-0282-419E-9975-12F8354E4EA3}.Debug|Any CPU.Build.0 = Debug|Any CPU
		{DAE41A16-0282-419E-9975-12F8354E4EA3}.Release|Any CPU.ActiveCfg = Release|Any CPU
		{DAE41A16-0282-419E-9975-12F8354E4EA3}.Release|Any CPU.Build.0 = Release|Any CPU
	EndGlobalSection
	GlobalSection(SolutionProperties) = preSolution
		HideSolutionNode = FALSE
	EndGlobalSection
	GlobalSection(ExtensibilityGlobals) = postSolution
		SolutionGuid = {D980E895-ED25-43D7-8730-44947AEEC5E9}
	EndGlobalSection
EndGlobal
